// !$*UTF8*$!
{
	archiveVersion = 1;
	classes = {
	};
	objectVersion = 46;
	objects = {

/* Begin PBXBuildFile section */
		51F696751D5C18B500F6D869 /* ConfigParser.m in Sources */ = {isa = PBXBuildFile; fileRef = 51F696741D5C18B500F6D869 /* ConfigParser.m */; };
		941C74A81B77A5110090B6C9 /* resymbol in CopyFiles */ = {isa = PBXBuildFile; fileRef = 941C749E1B77524C0090B6C9 /* resymbol */; };
		941C751B1B7AE0380090B6C9 /* main.m in Sources */ = {isa = PBXBuildFile; fileRef = 941C75191B7AE0380090B6C9 /* main.m */; };
/* End PBXBuildFile section */

/* Begin PBXCopyFilesBuildPhase section */
		941C749C1B77524C0090B6C9 /* CopyFiles */ = {
			isa = PBXCopyFilesBuildPhase;
			buildActionMask = 12;
			dstPath = "$(PROJECT_DIR)/output";
			dstSubfolderSpec = 0;
			files = (
				941C74A81B77A5110090B6C9 /* resymbol in CopyFiles */,
			);
			runOnlyForDeploymentPostprocessing = 0;
		};
/* End PBXCopyFilesBuildPhase section */

/* Begin PBXFileReference section */
		51F696731D5C18B500F6D869 /* ConfigParser.h */ = {isa = PBXFileReference; fileEncoding = 4; lastKnownFileType = sourcecode.c.h; path = ConfigParser.h; sourceTree = "<group>"; };
		51F696741D5C18B500F6D869 /* ConfigParser.m */ = {isa = PBXFileReference; fileEncoding = 4; lastKnownFileType = sourcecode.c.objc; path = ConfigParser.m; sourceTree = "<group>"; };
		941C749E1B77524C0090B6C9 /* resymbol */ = {isa = PBXFileReference; explicitFileType = "compiled.mach-o.executable"; includeInIndex = 0; path = resymbol; sourceTree = BUILT_PRODUCTS_DIR; };
		941C75191B7AE0380090B6C9 /* main.m */ = {isa = PBXFileReference; fileEncoding = 4; lastKnownFileType = sourcecode.c.objc; path = main.m; sourceTree = "<group>"; };
/* End PBXFileReference section */

/* Begin PBXFrameworksBuildPhase section */
		941C749B1B77524C0090B6C9 /* Frameworks */ = {
			isa = PBXFrameworksBuildPhase;
			buildActionMask = 2147483647;
			files = (
			);
			runOnlyForDeploymentPostprocessing = 0;
		};
/* End PBXFrameworksBuildPhase section */

/* Begin PBXGroup section */
		941C74951B77524C0090B6C9 = {
			isa = PBXGroup;
			children = (
				941C74A01B77524C0090B6C9 /* resymbol */,
				941C749F1B77524C0090B6C9 /* Products */,
			);
			sourceTree = "<group>";
		};
		941C749F1B77524C0090B6C9 /* Products */ = {
			isa = PBXGroup;
			children = (
				941C749E1B77524C0090B6C9 /* resymbol */,
			);
			name = Products;
			sourceTree = "<group>";
		};
		941C74A01B77524C0090B6C9 /* resymbol */ = {
			isa = PBXGroup;
			children = (
				941C75191B7AE0380090B6C9 /* main.m */,
				51F696731D5C18B500F6D869 /* ConfigParser.h */,
				51F696741D5C18B500F6D869 /* ConfigParser.m */,
			);
			path = resymbol;
			sourceTree = "<group>";
		};
/* End PBXGroup section */

/* Begin PBXNativeTarget section */
		941C749D1B77524C0090B6C9 /* resymbol */ = {
			isa = PBXNativeTarget;
			buildConfigurationList = 941C74A51B77524C0090B6C9 /* Build configuration list for PBXNativeTarget "resymbol" */;
			buildPhases = (
				941C749A1B77524C0090B6C9 /* Sources */,
				941C749B1B77524C0090B6C9 /* Frameworks */,
				941C749C1B77524C0090B6C9 /* CopyFiles */,
			);
			buildRules = (
			);
			dependencies = (
			);
			name = resymbol;
			productName = resymbol;
			productReference = 941C749E1B77524C0090B6C9 /* resymbol */;
			productType = "com.apple.product-type.tool";
		};
/* End PBXNativeTarget section */

/* Begin PBXProject section */
		941C74961B77524C0090B6C9 /* Project object */ = {
			isa = PBXProject;
			attributes = {
				LastUpgradeCheck = 0640;
				ORGANIZATIONNAME = huangyi;
				TargetAttributes = {
					941C749D1B77524C0090B6C9 = {
						CreatedOnToolsVersion = 6.4;
					};
				};
			};
			buildConfigurationList = 941C74991B77524C0090B6C9 /* Build configuration list for PBXProject "resymbol" */;
			compatibilityVersion = "Xcode 3.2";
			developmentRegion = English;
			hasScannedForEncodings = 0;
			knownRegions = (
				en,
			);
			mainGroup = 941C74951B77524C0090B6C9;
			productRefGroup = 941C749F1B77524C0090B6C9 /* Products */;
			projectDirPath = "";
			projectRoot = "";
			targets = (
				941C749D1B77524C0090B6C9 /* resymbol */,
			);
		};
/* End PBXProject section */

/* Begin PBXSourcesBuildPhase section */
		941C749A1B77524C0090B6C9 /* Sources */ = {
			isa = PBXSourcesBuildPhase;
			buildActionMask = 2147483647;
			files = (
				51F696751D5C18B500F6D869 /* ConfigParser.m in Sources */,
				941C751B1B7AE0380090B6C9 /* main.m in Sources */,
			);
			runOnlyForDeploymentPostprocessing = 0;
		};
/* End PBXSourcesBuildPhase section */

/* Begin XCBuildConfiguration section */
		941C74A31B77524C0090B6C9 /* Debug */ = {
			isa = XCBuildConfiguration;
			buildSettings = {
				ALWAYS_SEARCH_USER_PATHS = NO;
				CLANG_CXX_LANGUAGE_STANDARD = "gnu++0x";
				CLANG_CXX_LIBRARY = "libc++";
				CLANG_ENABLE_MODULES = YES;
				CLANG_ENABLE_OBJC_ARC = YES;
				CLANG_WARN_BOOL_CONVERSION = YES;
				CLANG_WARN_CONSTANT_CONVERSION = YES;
				CLANG_WARN_DIRECT_OBJC_ISA_USAGE = YES_ERROR;
				CLANG_WARN_EMPTY_BODY = YES;
				CLANG_WARN_ENUM_CONVERSION = YES;
				CLANG_WARN_INT_CONVERSION = YES;
				CLANG_WARN_OBJC_ROOT_CLASS = YES_ERROR;
				CLANG_WARN_UNREACHABLE_CODE = YES;
				CLANG_WARN__DUPLICATE_METHOD_MATCH = YES;
				COPY_PHASE_STRIP = NO;
				DEBUG_INFORMATION_FORMAT = dwarf;
				ENABLE_STRICT_OBJC_MSGSEND = YES;
				GCC_C_LANGUAGE_STANDARD = gnu99;
				GCC_DYNAMIC_NO_PIC = NO;
				GCC_NO_COMMON_BLOCKS = YES;
				GCC_OPTIMIZATION_LEVEL = 0;
				GCC_PREPROCESSOR_DEFINITIONS = (
					"DEBUG=1",
					"$(inherited)",
				);
				GCC_SYMBOLS_PRIVATE_EXTERN = NO;
				GCC_WARN_64_TO_32_BIT_CONVERSION = YES;
				GCC_WARN_ABOUT_RETURN_TYPE = YES_ERROR;
				GCC_WARN_UNDECLARED_SELECTOR = YES;
				GCC_WARN_UNINITIALIZED_AUTOS = YES_AGGRESSIVE;
				GCC_WARN_UNUSED_FUNCTION = YES;
				GCC_WARN_UNUSED_VARIABLE = YES;
				MACOSX_DEPLOYMENT_TARGET = 10.10;
				MTL_ENABLE_DEBUG_INFO = YES;
				ONLY_ACTIVE_ARCH = YES;
				SDKROOT = macosx;
			};
			name = Debug;
		};
		941C74A41B77524C0090B6C9 /* Release */ = {
			isa = XCBuildConfiguration;
			buildSettings = {
				ALWAYS_SEARCH_USER_PATHS = NO;
				CLANG_CXX_LANGUAGE_STANDARD = "gnu++0x";
				CLANG_CXX_LIBRARY = "libc++";
				CLANG_ENABLE_MODULES = YES;
				CLANG_ENABLE_OBJC_ARC = YES;
				CLANG_WARN_BOOL_CONVERSION = YES;
				CLANG_WARN_CONSTANT_CONVERSION = YES;
				CLANG_WARN_DIRECT_OBJC_ISA_USAGE = YES_ERROR;
				CLANG_WARN_EMPTY_BODY = YES;
				CLANG_WARN_ENUM_CONVERSION = YES;
				CLANG_WARN_INT_CONVERSION = YES;
				CLANG_WARN_OBJC_ROOT_CLASS = YES_ERROR;
				CLANG_WARN_UNREACHABLE_CODE = YES;
				CLANG_WARN__DUPLICATE_METHOD_MATCH = YES;
				COPY_PHASE_STRIP = NO;
				DEBUG_INFORMATION_FORMAT = "dwarf-with-dsym";
				ENABLE_NS_ASSERTIONS = NO;
				ENABLE_STRICT_OBJC_MSGSEND = YES;
				GCC_C_LANGUAGE_STANDARD = gnu99;
				GCC_NO_COMMON_BLOCKS = YES;
				GCC_WARN_64_TO_32_BIT_CONVERSION = YES;
				GCC_WARN_ABOUT_RETURN_TYPE = YES_ERROR;
				GCC_WARN_UNDECLARED_SELECTOR = YES;
				GCC_WARN_UNINITIALIZED_AUTOS = YES_AGGRESSIVE;
				GCC_WARN_UNUSED_FUNCTION = YES;
				GCC_WARN_UNUSED_VARIABLE = YES;
				MACOSX_DEPLOYMENT_TARGET = 10.10;
				MTL_ENABLE_DEBUG_INFO = NO;
				SDKROOT = macosx;
			};
			name = Release;
		};
		941C74A61B77524C0090B6C9 /* Debug */ = {
			isa = XCBuildConfiguration;
			buildSettings = {
				LIBRARY_SEARCH_PATHS = (
					"$(inherited)",
					"$(SDKROOT)/usr/lib/system",
				);
				PRODUCT_NAME = "$(TARGET_NAME)";
			};
			name = Debug;
		};
		941C74A71B77524C0090B6C9 /* Release */ = {
			isa = XCBuildConfiguration;
			buildSettings = {
				LIBRARY_SEARCH_PATHS = (
					"$(inherited)",
					"$(SDKROOT)/usr/lib/system",
				);
				PRODUCT_NAME = "$(TARGET_NAME)";
			};
			name = Release;
		};
/* End XCBuildConfiguration section */

/* Begin XCConfigurationList section */
		941C74991B77524C0090B6C9 /* Build configuration list for PBXProject "resymbol" */ = {
			isa = XCConfigurationList;
			buildConfigurations = (
				941C74A31B77524C0090B6C9 /* Debug */,
				941C74A41B77524C0090B6C9 /* Release */,
			);
			defaultConfigurationIsVisible = 0;
			defaultConfigurationName = Release;
		};
		941C74A51B77524C0090B6C9 /* Build configuration list for PBXNativeTarget "resymbol" */ = {
			isa = XCConfigurationList;
			buildConfigurations = (
				941C74A61B77524C0090B6C9 /* Debug */,
				941C74A71B77524C0090B6C9 /* Release */,
			);
			defaultConfigurationIsVisible = 0;
			defaultConfigurationName = Release;
		};
/* End XCConfigurationList section */
	};
	rootObject = 941C74961B77524C0090B6C9 /* Project object */;
}
